{
  "name": "02-project-1",
  "version": "1.0.0",
  "lockfileVersion": 1,
  "requires": true,
  "dependencies": {
    "jquery": {
      "version": "1.12.4",
      "resolved": "https://registry.npmjs.org/jquery/-/jquery-1.12.4.tgz",
      "integrity": "sha1-AeHfuikP5z3rp3zurLD5ui/sngw="
    }
  }
}
/*
如果只复制了一个 package.json文件,安装包完成后还会生成一个package-lock.json文件,这个文件会锁定安装的这个大版本,不会锁定安装的这个小版本,会自动生成目前最新的小版本

*/
